
Microsoft Visual Studio Solution File, Format Version 12.00
# Visual Studio 14
VisualStudioVersion = 14.0.25420.1
MinimumVisualStudioVersion = 10.0.40219.1
Project("{FAE04EC0-301F-11D3-BF4B-00C04F79EFBC}") = "UberDSL", "UberDSL\UberDSL.csproj", "{AC0B7A47-CEF7-4B6B-91D0-0860DFFC2EF8}"
EndProject
Project("{FAE04EC0-301F-11D3-BF4B-00C04F79EFBC}") = "UberDSL Tests", "UberDSL Tests\UberDSL Tests.csproj", "{03741220-B9B9-405D-927E-1EBE4C7083A7}"
EndProject
Global
	GlobalSection(SolutionConfigurationPlatforms) = preSolution
		Ad-Hoc|Any CPU = Ad-Hoc|Any CPU
		Ad-Hoc|iPhone = Ad-Hoc|iPhone
		Ad-Hoc|iPhoneSimulator = Ad-Hoc|iPhoneSimulator
		AppStore|Any CPU = AppStore|Any CPU
		AppStore|iPhone = AppStore|iPhone
		AppStore|iPhoneSimulator = AppStore|iPhoneSimulator
		Debug|Any CPU = Debug|Any CPU
		Debug|iPhone = Debug|iPhone
		Debug|iPhoneSimulator = Debug|iPhoneSimulator
		Release|Any CPU = Release|Any CPU
		Release|iPhone = Release|iPhone
		Release|iPhoneSimulator = Release|iPhoneSimulator
	EndGlobalSection
	GlobalSection(ProjectConfigurationPlatforms) = postSolution
		{AC0B7A47-CEF7-4B6B-91D0-0860DFFC2EF8}.Ad-Hoc|Any CPU.ActiveCfg = Release|Any CPU
		{AC0B7A47-CEF7-4B6B-91D0-0860DFFC2EF8}.Ad-Hoc|Any CPU.Build.0 = Release|Any CPU
		{AC0B7A47-CEF7-4B6B-91D0-0860DFFC2EF8}.Ad-Hoc|iPhone.ActiveCfg = Release|Any CPU
		{AC0B7A47-CEF7-4B6B-91D0-0860DFFC2EF8}.Ad-Hoc|iPhone.Build.0 = Release|Any CPU
		{AC0B7A47-CEF7-4B6B-91D0-0860DFFC2EF8}.Ad-Hoc|iPhoneSimulator.ActiveCfg = Release|Any CPU
		{AC0B7A47-CEF7-4B6B-91D0-0860DFFC2EF8}.Ad-Hoc|iPhoneSimulator.Build.0 = Release|Any CPU
		{AC0B7A47-CEF7-4B6B-91D0-0860DFFC2EF8}.AppStore|Any CPU.ActiveCfg = Release|Any CPU
		{AC0B7A47-CEF7-4B6B-91D0-0860DFFC2EF8}.AppStore|Any CPU.Build.0 = Release|Any CPU
		{AC0B7A47-CEF7-4B6B-91D0-0860DFFC2EF8}.AppStore|iPhone.ActiveCfg = Release|Any CPU
		{AC0B7A47-CEF7-4B6B-91D0-0860DFFC2EF8}.AppStore|iPhone.Build.0 = Release|Any CPU
		{AC0B7A47-CEF7-4B6B-91D0-0860DFFC2EF8}.AppStore|iPhoneSimulator.ActiveCfg = Release|Any CPU
		{AC0B7A47-CEF7-4B6B-91D0-0860DFFC2EF8}.AppStore|iPhoneSimulator.Build.0 = Release|Any CPU
		{AC0B7A47-CEF7-4B6B-91D0-0860DFFC2EF8}.Debug|Any CPU.ActiveCfg = Debug|Any CPU
		{AC0B7A47-CEF7-4B6B-91D0-0860DFFC2EF8}.Debug|Any CPU.Build.0 = Debug|Any CPU
		{AC0B7A47-CEF7-4B6B-91D0-0860DFFC2EF8}.Debug|iPhone.ActiveCfg = Debug|Any CPU
		{AC0B7A47-CEF7-4B6B-91D0-0860DFFC2EF8}.Debug|iPhone.Build.0 = Debug|Any CPU
		{AC0B7A47-CEF7-4B6B-91D0-0860DFFC2EF8}.Debug|iPhoneSimulator.ActiveCfg = Debug|Any CPU
		{AC0B7A47-CEF7-4B6B-91D0-0860DFFC2EF8}.Debug|iPhoneSimulator.Build.0 = Debug|Any CPU
		{AC0B7A47-CEF7-4B6B-91D0-0860DFFC2EF8}.Release|Any CPU.ActiveCfg = Release|Any CPU
		{AC0B7A47-CEF7-4B6B-91D0-0860DFFC2EF8}.Release|Any CPU.Build.0 = Release|Any CPU
		{AC0B7A47-CEF7-4B6B-91D0-0860DFFC2EF8}.Release|iPhone.ActiveCfg = Release|Any CPU
		{AC0B7A47-CEF7-4B6B-91D0-0860DFFC2EF8}.Release|iPhone.Build.0 = Release|Any CPU
		{AC0B7A47-CEF7-4B6B-91D0-0860DFFC2EF8}.Release|iPhoneSimulator.ActiveCfg = Release|Any CPU
		{AC0B7A47-CEF7-4B6B-91D0-0860DFFC2EF8}.Release|iPhoneSimulator.Build.0 = Release|Any CPU
		{03741220-B9B9-405D-927E-1EBE4C7083A7}.Ad-Hoc|Any CPU.ActiveCfg = Ad-Hoc|iPhone
		{03741220-B9B9-405D-927E-1EBE4C7083A7}.Ad-Hoc|iPhone.ActiveCfg = Ad-Hoc|iPhone
		{03741220-B9B9-405D-927E-1EBE4C7083A7}.Ad-Hoc|iPhone.Build.0 = Ad-Hoc|iPhone
		{03741220-B9B9-405D-927E-1EBE4C7083A7}.Ad-Hoc|iPhoneSimulator.ActiveCfg = Ad-Hoc|iPhoneSimulator
		{03741220-B9B9-405D-927E-1EBE4C7083A7}.Ad-Hoc|iPhoneSimulator.Build.0 = Ad-Hoc|iPhoneSimulator
		{03741220-B9B9-405D-927E-1EBE4C7083A7}.AppStore|Any CPU.ActiveCfg = AppStore|iPhone
		{03741220-B9B9-405D-927E-1EBE4C7083A7}.AppStore|iPhone.ActiveCfg = AppStore|iPhone
		{03741220-B9B9-405D-927E-1EBE4C7083A7}.AppStore|iPhone.Build.0 = AppStore|iPhone
		{03741220-B9B9-405D-927E-1EBE4C7083A7}.AppStore|iPhoneSimulator.ActiveCfg = AppStore|iPhoneSimulator
		{03741220-B9B9-405D-927E-1EBE4C7083A7}.AppStore|iPhoneSimulator.Build.0 = AppStore|iPhoneSimulator
		{03741220-B9B9-405D-927E-1EBE4C7083A7}.Debug|Any CPU.ActiveCfg = Debug|iPhone
		{03741220-B9B9-405D-927E-1EBE4C7083A7}.Debug|iPhone.ActiveCfg = Debug|iPhone
		{03741220-B9B9-405D-927E-1EBE4C7083A7}.Debug|iPhone.Build.0 = Debug|iPhone
		{03741220-B9B9-405D-927E-1EBE4C7083A7}.Debug|iPhoneSimulator.ActiveCfg = Debug|iPhoneSimulator
		{03741220-B9B9-405D-927E-1EBE4C7083A7}.Debug|iPhoneSimulator.Build.0 = Debug|iPhoneSimulator
		{03741220-B9B9-405D-927E-1EBE4C7083A7}.Release|Any CPU.ActiveCfg = Release|iPhone
		{03741220-B9B9-405D-927E-1EBE4C7083A7}.Release|iPhone.ActiveCfg = Release|iPhone
		{03741220-B9B9-405D-927E-1EBE4C7083A7}.Release|iPhone.Build.0 = Release|iPhone
		{03741220-B9B9-405D-927E-1EBE4C7083A7}.Release|iPhoneSimulator.ActiveCfg = Release|iPhoneSimulator
		{03741220-B9B9-405D-927E-1EBE4C7083A7}.Release|iPhoneSimulator.Build.0 = Release|iPhoneSimulator
	EndGlobalSection
	GlobalSection(SolutionProperties) = preSolution
		HideSolutionNode = FALSE
	EndGlobalSection
EndGlobal
